
Microsoft Visual Studio Solution File, Format Version 12.00
Project("{FAE04EC0-301F-11D3-BF4B-00C04F79EFBC}") = "CSharp_LAB_3", "CSharp_LAB_3\CSharp_LAB_3.csproj", "{F44D651F-060E-4EE7-87A7-9A6CFE57D8E5}"
EndProject
Global
	GlobalSection(SolutionConfigurationPlatforms) = preSolution
		Debug|Any CPU = Debug|Any CPU
		Release|Any CPU = Release|Any CPU
	EndGlobalSection
	GlobalSection(ProjectConfigurationPlatforms) = postSolution
		{F44D651F-060E-4EE7-87A7-9A6CFE57D8E5}.Debug|Any CPU.ActiveCfg = Debug|Any CPU
		{F44D651F-060E-4EE7-87A7-9A6CFE57D8E5}.Debug|Any CPU.Build.0 = Debug|Any CPU
		{F44D651F-060E-4EE7-87A7-9A6CFE57D8E5}.Release|Any CPU.ActiveCfg = Release|Any CPU
		{F44D651F-060E-4EE7-87A7-9A6CFE57D8E5}.Release|Any CPU.Build.0 = Release|Any CPU
	EndGlobalSection
EndGlobal
